
Microsoft Visual Studio Solution File, Format Version 12.00
# Visual Studio Version 17
VisualStudioVersion = 17.3.32929.385
MinimumVisualStudioVersion = 10.0.40219.1
Project("{8BC9CEB8-8B4A-11D0-8D11-00A0C91BC942}") = "SDL_ECS_TEMPLATE", "SDL_ECS_TEMPLATE\SDL_ECS_TEMPLATE.vcxproj", "{C32E4B5C-F6F3-4106-B97E-BCEEEE4CB267}"
EndProject
Global
	GlobalSection(SolutionConfigurationPlatforms) = preSolution
		Debug|x64 = Debug|x64
		Debug|x86 = Debug|x86
		Release|x64 = Release|x64
		Release|x86 = Release|x86
	EndGlobalSection
	GlobalSection(ProjectConfigurationPlatforms) = postSolution
		{C32E4B5C-F6F3-4106-B97E-BCEEEE4CB267}.Debug|x64.ActiveCfg = Debug|x64
		{C32E4B5C-F6F3-4106-B97E-BCEEEE4CB267}.Debug|x64.Build.0 = Debug|x64
		{C32E4B5C-F6F3-4106-B97E-BCEEEE4CB267}.Debug|x86.ActiveCfg = Debug|Win32
		{C32E4B5C-F6F3-4106-B97E-BCEEEE4CB267}.Debug|x86.Build.0 = Debug|Win32
		{C32E4B5C-F6F3-4106-B97E-BCEEEE4CB267}.Release|x64.ActiveCfg = Release|x64
		{C32E4B5C-F6F3-4106-B97E-BCEEEE4CB267}.Release|x64.Build.0 = Release|x64
		{C32E4B5C-F6F3-4106-B97E-BCEEEE4CB267}.Release|x86.ActiveCfg = Release|Win32
		{C32E4B5C-F6F3-4106-B97E-BCEEEE4CB267}.Release|x86.Build.0 = Release|Win32
	EndGlobalSection
	GlobalSection(SolutionProperties) = preSolution
		HideSolutionNode = FALSE
	EndGlobalSection
	GlobalSection(ExtensibilityGlobals) = postSolution
		SolutionGuid = {4C803BA2-3EC1-4379-BBAD-A1952CFBC0EB}
	EndGlobalSection
EndGlobal
